
Microsoft Visual Studio Solution File, Format Version 12.00
# Visual Studio 15
VisualStudioVersion = 15.0.28307.106
MinimumVisualStudioVersion = 10.0.40219.1
Project("{FAE04EC0-301F-11D3-BF4B-00C04F79EFBC}") = "TestSelenium", "TestSelenium\TestSelenium.csproj", "{A53878CE-43E6-4C61-B5B0-AF0638252532}"
EndProject
Global
	GlobalSection(SolutionConfigurationPlatforms) = preSolution
		Debug|Any CPU = Debug|Any CPU
		Release|Any CPU = Release|Any CPU
	EndGlobalSection
	GlobalSection(ProjectConfigurationPlatforms) = postSolution
		{A53878CE-43E6-4C61-B5B0-AF0638252532}.Debug|Any CPU.ActiveCfg = Debug|Any CPU
		{A53878CE-43E6-4C61-B5B0-AF0638252532}.Debug|Any CPU.Build.0 = Debug|Any CPU
		{A53878CE-43E6-4C61-B5B0-AF0638252532}.Release|Any CPU.ActiveCfg = Release|Any CPU
		{A53878CE-43E6-4C61-B5B0-AF0638252532}.Release|Any CPU.Build.0 = Release|Any CPU
	EndGlobalSection
	GlobalSection(SolutionProperties) = preSolution
		HideSolutionNode = FALSE
	EndGlobalSection
	GlobalSection(ExtensibilityGlobals) = postSolution
		SolutionGuid = {F0DCCC67-15EA-4D7C-AD8F-602955018024}
	EndGlobalSection
EndGlobal
